// !$*UTF8*$!
{
	archiveVersion = 1;
	classes = {
	};
	objectVersion = 50;
	objects = {

/* Begin PBXBuildFile section */
		E0E39BFD264D8370000D776F /* AppDelegate.swift in Sources */ = {isa = PBXBuildFile; fileRef = E0E39BFC264D8370000D776F /* AppDelegate.swift */; };
		E0E39BFF264D8370000D776F /* SceneDelegate.swift in Sources */ = {isa = PBXBuildFile; fileRef = E0E39BFE264D8370000D776F /* SceneDelegate.swift */; };
		E0E39C01264D8370000D776F /* ViewController.swift in Sources */ = {isa = PBXBuildFile; fileRef = E0E39C00264D8370000D776F /* ViewController.swift */; };
		E0E39C04264D8370000D776F /* Main.storyboard in Resources */ = {isa = PBXBuildFile; fileRef = E0E39C02264D8370000D776F /* Main.storyboard */; };
		E0E39C06264D8372000D776F /* Assets.xcassets in Resources */ = {isa = PBXBuildFile; fileRef = E0E39C05264D8372000D776F /* Assets.xcassets */; };
		E0E39C09264D8372000D776F /* LaunchScreen.storyboard in Resources */ = {isa = PBXBuildFile; fileRef = E0E39C07264D8372000D776F /* LaunchScreen.storyboard */; };
		E0E39C14264D8372000D776F /* GachaTests.swift in Sources */ = {isa = PBXBuildFile; fileRef = E0E39C13264D8372000D776F /* GachaTests.swift */; };
		E0E39C1F264D8372000D776F /* GachaUITests.swift in Sources */ = {isa = PBXBuildFile; fileRef = E0E39C1E264D8372000D776F /* GachaUITests.swift */; };
		E0E39C3D264D83FF000D776F /* bg_blue@2x.png in Resources */ = {isa = PBXBuildFile; fileRef = E0E39C2E264D83FF000D776F /* bg_blue@2x.png */; };
		E0E39C3E264D83FF000D776F /* bg_gold@2x.png in Resources */ = {isa = PBXBuildFile; fileRef = E0E39C2F264D83FF000D776F /* bg_gold@2x.png */; };
		E0E39C3F264D83FF000D776F /* gacha@2x.png in Resources */ = {isa = PBXBuildFile; fileRef = E0E39C30264D83FF000D776F /* gacha@2x.png */; };
		E0E39C40264D83FF000D776F /* bg_red@2x.png in Resources */ = {isa = PBXBuildFile; fileRef = E0E39C31264D83FF000D776F /* bg_red@2x.png */; };
		E0E39C41264D83FF000D776F /* monster005.png in Resources */ = {isa = PBXBuildFile; fileRef = E0E39C33264D83FF000D776F /* monster005.png */; };
		E0E39C42264D83FF000D776F /* monster010.png in Resources */ = {isa = PBXBuildFile; fileRef = E0E39C34264D83FF000D776F /* monster010.png */; };
		E0E39C43264D83FF000D776F /* monster004.png in Resources */ = {isa = PBXBuildFile; fileRef = E0E39C35264D83FF000D776F /* monster004.png */; };
		E0E39C44264D83FF000D776F /* monster006.png in Resources */ = {isa = PBXBuildFile; fileRef = E0E39C36264D83FF000D776F /* monster006.png */; };
		E0E39C45264D83FF000D776F /* monster007.png in Resources */ = {isa = PBXBuildFile; fileRef = E0E39C37264D83FF000D776F /* monster007.png */; };
		E0E39C46264D83FF000D776F /* monster003.png in Resources */ = {isa = PBXBuildFile; fileRef = E0E39C38264D83FF000D776F /* monster003.png */; };
		E0E39C47264D83FF000D776F /* monster002.png in Resources */ = {isa = PBXBuildFile; fileRef = E0E39C39264D83FF000D776F /* monster002.png */; };
		E0E39C48264D83FF000D776F /* monster001.png in Resources */ = {isa = PBXBuildFile; fileRef = E0E39C3A264D83FF000D776F /* monster001.png */; };
		E0E39C49264D83FF000D776F /* monster009.png in Resources */ = {isa = PBXBuildFile; fileRef = E0E39C3B264D83FF000D776F /* monster009.png */; };
		E0E39C4A264D83FF000D776F /* monster008.png in Resources */ = {isa = PBXBuildFile; fileRef = E0E39C3C264D83FF000D776F /* monster008.png */; };
		E0E39C4C264D8716000D776F /* ResultViewController.swift in Sources */ = {isa = PBXBuildFile; fileRef = E0E39C4B264D8716000D776F /* ResultViewController.swift */; };
		E0E39C54264D96BF000D776F /* tequila.JPG in Resources */ = {isa = PBXBuildFile; fileRef = E0E39C4E264D96BF000D776F /* tequila.JPG */; };
		E0E39C55264D96BF000D776F /* makeup.JPG in Resources */ = {isa = PBXBuildFile; fileRef = E0E39C4F264D96BF000D776F /* makeup.JPG */; };
		E0E39C57264D96BF000D776F /* money.JPG in Resources */ = {isa = PBXBuildFile; fileRef = E0E39C51264D96BF000D776F /* money.JPG */; };
		E0E39C63264D9C80000D776F /* kylie.png in Resources */ = {isa = PBXBuildFile; fileRef = E0E39C60264D9C80000D776F /* kylie.png */; };
		E0E39C64264D9C80000D776F /* kendall.png in Resources */ = {isa = PBXBuildFile; fileRef = E0E39C61264D9C80000D776F /* kendall.png */; };
		E0E39C65264D9C80000D776F /* kris.png in Resources */ = {isa = PBXBuildFile; fileRef = E0E39C62264D9C80000D776F /* kris.png */; };
/* End PBXBuildFile section */

/* Begin PBXContainerItemProxy section */
		E0E39C10264D8372000D776F /* PBXContainerItemProxy */ = {
			isa = PBXContainerItemProxy;
			containerPortal = E0E39BF1264D8370000D776F /* Project object */;
			proxyType = 1;
			remoteGlobalIDString = E0E39BF8264D8370000D776F;
			remoteInfo = Gacha;
		};
		E0E39C1B264D8372000D776F /* PBXContainerItemProxy */ = {
			isa = PBXContainerItemProxy;
			containerPortal = E0E39BF1264D8370000D776F /* Project object */;
			proxyType = 1;
			remoteGlobalIDString = E0E39BF8264D8370000D776F;
			remoteInfo = Gacha;
		};
/* End PBXContainerItemProxy section */

/* Begin PBXFileReference section */
		E0E39BF9264D8370000D776F /* Gacha.app */ = {isa = PBXFileReference; explicitFileType = wrapper.application; includeInIndex = 0; path = Gacha.app; sourceTree = BUILT_PRODUCTS_DIR; };
		E0E39BFC264D8370000D776F /* AppDelegate.swift */ = {isa = PBXFileReference; lastKnownFileType = sourcecode.swift; path = AppDelegate.swift; sourceTree = "<group>"; };
		E0E39BFE264D8370000D776F /* SceneDelegate.swift */ = {isa = PBXFileReference; lastKnownFileType = sourcecode.swift; path = SceneDelegate.swift; sourceTree = "<group>"; };
		E0E39C00264D8370000D776F /* ViewController.swift */ = {isa = PBXFileReference; lastKnownFileType = sourcecode.swift; path = ViewController.swift; sourceTree = "<group>"; };
		E0E39C03264D8370000D776F /* Base */ = {isa = PBXFileReference; lastKnownFileType = file.storyboard; name = Base; path = Base.lproj/Main.storyboard; sourceTree = "<group>"; };
		E0E39C05264D8372000D776F /* Assets.xcassets */ = {isa = PBXFileReference; lastKnownFileType = folder.assetcatalog; path = Assets.xcassets; sourceTree = "<group>"; };
		E0E39C08264D8372000D776F /* Base */ = {isa = PBXFileReference; lastKnownFileType = file.storyboard; name = Base; path = Base.lproj/LaunchScreen.storyboard; sourceTree = "<group>"; };
		E0E39C0A264D8372000D776F /* Info.plist */ = {isa = PBXFileReference; lastKnownFileType = text.plist.xml; path = Info.plist; sourceTree = "<group>"; };
		E0E39C0F264D8372000D776F /* GachaTests.xctest */ = {isa = PBXFileReference; explicitFileType = wrapper.cfbundle; includeInIndex = 0; path = GachaTests.xctest; sourceTree = BUILT_PRODUCTS_DIR; };
		E0E39C13264D8372000D776F /* GachaTests.swift */ = {isa = PBXFileReference; lastKnownFileType = sourcecode.swift; path = GachaTests.swift; sourceTree = "<group>"; };
		E0E39C15264D8372000D776F /* Info.plist */ = {isa = PBXFileReference; lastKnownFileType = text.plist.xml; path = Info.plist; sourceTree = "<group>"; };
		E0E39C1A264D8372000D776F /* GachaUITests.xctest */ = {isa = PBXFileReference; explicitFileType = wrapper.cfbundle; includeInIndex = 0; path = GachaUITests.xctest; sourceTree = BUILT_PRODUCTS_DIR; };
		E0E39C1E264D8372000D776F /* GachaUITests.swift */ = {isa = PBXFileReference; lastKnownFileType = sourcecode.swift; path = GachaUITests.swift; sourceTree = "<group>"; };
		E0E39C20264D8372000D776F /* Info.plist */ = {isa = PBXFileReference; lastKnownFileType = text.plist.xml; path = Info.plist; sourceTree = "<group>"; };
		E0E39C2E264D83FF000D776F /* bg_blue@2x.png */ = {isa = PBXFileReference; lastKnownFileType = image.png; path = "bg_blue@2x.png"; sourceTree = "<group>"; };
		E0E39C2F264D83FF000D776F /* bg_gold@2x.png */ = {isa = PBXFileReference; lastKnownFileType = image.png; path = "bg_gold@2x.png"; sourceTree = "<group>"; };
		E0E39C30264D83FF000D776F /* gacha@2x.png */ = {isa = PBXFileReference; lastKnownFileType = image.png; path = "gacha@2x.png"; sourceTree = "<group>"; };
		E0E39C31264D83FF000D776F /* bg_red@2x.png */ = {isa = PBXFileReference; lastKnownFileType = image.png; path = "bg_red@2x.png"; sourceTree = "<group>"; };
		E0E39C33264D83FF000D776F /* monster005.png */ = {isa = PBXFileReference; lastKnownFileType = image.png; path = monster005.png; sourceTree = "<group>"; };
		E0E39C34264D83FF000D776F /* monster010.png */ = {isa = PBXFileReference; lastKnownFileType = image.png; path = monster010.png; sourceTree = "<group>"; };
		E0E39C35264D83FF000D776F /* monster004.png */ = {isa = PBXFileReference; lastKnownFileType = image.png; path = monster004.png; sourceTree = "<group>"; };
		E0E39C36264D83FF000D776F /* monster006.png */ = {isa = PBXFileReference; lastKnownFileType = image.png; path = monster006.png; sourceTree = "<group>"; };
		E0E39C37264D83FF000D776F /* monster007.png */ = {isa = PBXFileReference; lastKnownFileType = image.png; path = monster007.png; sourceTree = "<group>"; };
		E0E39C38264D83FF000D776F /* monster003.png */ = {isa = PBXFileReference; lastKnownFileType = image.png; path = monster003.png; sourceTree = "<group>"; };
		E0E39C39264D83FF000D776F /* monster002.png */ = {isa = PBXFileReference; lastKnownFileType = image.png; path = monster002.png; sourceTree = "<group>"; };
		E0E39C3A264D83FF000D776F /* monster001.png */ = {isa = PBXFileReference; lastKnownFileType = image.png; path = monster001.png; sourceTree = "<group>"; };
		E0E39C3B264D83FF000D776F /* monster009.png */ = {isa = PBXFileReference; lastKnownFileType = image.png; path = monster009.png; sourceTree = "<group>"; };
		E0E39C3C264D83FF000D776F /* monster008.png */ = {isa = PBXFileReference; lastKnownFileType = image.png; path = monster008.png; sourceTree = "<group>"; };
		E0E39C4B264D8716000D776F /* ResultViewController.swift */ = {isa = PBXFileReference; lastKnownFileType = sourcecode.swift; path = ResultViewController.swift; sourceTree = "<group>"; };
		E0E39C4E264D96BF000D776F /* tequila.JPG */ = {isa = PBXFileReference; lastKnownFileType = image.jpeg; path = tequila.JPG; sourceTree = "<group>"; };
		E0E39C4F264D96BF000D776F /* makeup.JPG */ = {isa = PBXFileReference; lastKnownFileType = image.jpeg; path = makeup.JPG; sourceTree = "<group>"; };
		E0E39C51264D96BF000D776F /* money.JPG */ = {isa = PBXFileReference; lastKnownFileType = image.jpeg; path = money.JPG; sourceTree = "<group>"; };
		E0E39C60264D9C80000D776F /* kylie.png */ = {isa = PBXFileReference; lastKnownFileType = image.png; name = kylie.png; path = ../../../../../../../../../../.Trash/kylie.png; sourceTree = "<group>"; };
		E0E39C61264D9C80000D776F /* kendall.png */ = {isa = PBXFileReference; lastKnownFileType = image.png; name = kendall.png; path = ../../../../../../../../../../.Trash/kendall.png; sourceTree = "<group>"; };
		E0E39C62264D9C80000D776F /* kris.png */ = {isa = PBXFileReference; lastKnownFileType = image.png; name = kris.png; path = ../../../../../../../../../../.Trash/kris.png; sourceTree = "<group>"; };
/* End PBXFileReference section */

/* Begin PBXFrameworksBuildPhase section */
		E0E39BF6264D8370000D776F /* Frameworks */ = {
			isa = PBXFrameworksBuildPhase;
			buildActionMask = 2147483647;
			files = (
			);
			runOnlyForDeploymentPostprocessing = 0;
		};
		E0E39C0C264D8372000D776F /* Frameworks */ = {
			isa = PBXFrameworksBuildPhase;
			buildActionMask = 2147483647;
			files = (
			);
			runOnlyForDeploymentPostprocessing = 0;
		};
		E0E39C17264D8372000D776F /* Frameworks */ = {
			isa = PBXFrameworksBuildPhase;
			buildActionMask = 2147483647;
			files = (
			);
			runOnlyForDeploymentPostprocessing = 0;
		};
/* End PBXFrameworksBuildPhase section */

/* Begin PBXGroup section */
		E0E39BF0264D836F000D776F = {
			isa = PBXGroup;
			children = (
				E0E39BFB264D8370000D776F /* Gacha */,
				E0E39C12264D8372000D776F /* GachaTests */,
				E0E39C1D264D8372000D776F /* GachaUITests */,
				E0E39BFA264D8370000D776F /* Products */,
			);
			sourceTree = "<group>";
		};
		E0E39BFA264D8370000D776F /* Products */ = {
			isa = PBXGroup;
			children = (
				E0E39BF9264D8370000D776F /* Gacha.app */,
				E0E39C0F264D8372000D776F /* GachaTests.xctest */,
				E0E39C1A264D8372000D776F /* GachaUITests.xctest */,
			);
			name = Products;
			sourceTree = "<group>";
		};
		E0E39BFB264D8370000D776F /* Gacha */ = {
			isa = PBXGroup;
			children = (
				E0E39C2C264D83FF000D776F /* GachaResources */,
				E0E39BFC264D8370000D776F /* AppDelegate.swift */,
				E0E39BFE264D8370000D776F /* SceneDelegate.swift */,
				E0E39C00264D8370000D776F /* ViewController.swift */,
				E0E39C02264D8370000D776F /* Main.storyboard */,
				E0E39C05264D8372000D776F /* Assets.xcassets */,
				E0E39C07264D8372000D776F /* LaunchScreen.storyboard */,
				E0E39C0A264D8372000D776F /* Info.plist */,
				E0E39C4B264D8716000D776F /* ResultViewController.swift */,
			);
			path = Gacha;
			sourceTree = "<group>";
		};
		E0E39C12264D8372000D776F /* GachaTests */ = {
			isa = PBXGroup;
			children = (
				E0E39C13264D8372000D776F /* GachaTests.swift */,
				E0E39C15264D8372000D776F /* Info.plist */,
			);
			path = GachaTests;
			sourceTree = "<group>";
		};
		E0E39C1D264D8372000D776F /* GachaUITests */ = {
			isa = PBXGroup;
			children = (
				E0E39C1E264D8372000D776F /* GachaUITests.swift */,
				E0E39C20264D8372000D776F /* Info.plist */,
			);
			path = GachaUITests;
			sourceTree = "<group>";
		};
		E0E39C2C264D83FF000D776F /* GachaResources */ = {
			isa = PBXGroup;
			children = (
				E0E39C4D264D96BF000D776F /* jenner */,
				E0E39C2D264D83FF000D776F /* background */,
				E0E39C32264D83FF000D776F /* monster */,
			);
			path = GachaResources;
			sourceTree = "<group>";
		};
		E0E39C2D264D83FF000D776F /* background */ = {
			isa = PBXGroup;
			children = (
				E0E39C2E264D83FF000D776F /* bg_blue@2x.png */,
				E0E39C2F264D83FF000D776F /* bg_gold@2x.png */,
				E0E39C30264D83FF000D776F /* gacha@2x.png */,
				E0E39C31264D83FF000D776F /* bg_red@2x.png */,
			);
			path = background;
			sourceTree = "<group>";
		};
		E0E39C32264D83FF000D776F /* monster */ = {
			isa = PBXGroup;
			children = (
				E0E39C33264D83FF000D776F /* monster005.png */,
				E0E39C34264D83FF000D776F /* monster010.png */,
				E0E39C35264D83FF000D776F /* monster004.png */,
				E0E39C36264D83FF000D776F /* monster006.png */,
				E0E39C37264D83FF000D776F /* monster007.png */,
				E0E39C38264D83FF000D776F /* monster003.png */,
				E0E39C39264D83FF000D776F /* monster002.png */,
				E0E39C3A264D83FF000D776F /* monster001.png */,
				E0E39C3B264D83FF000D776F /* monster009.png */,
				E0E39C3C264D83FF000D776F /* monster008.png */,
			);
			path = monster;
			sourceTree = "<group>";
		};
		E0E39C4D264D96BF000D776F /* jenner */ = {
			isa = PBXGroup;
			children = (
				E0E39C61264D9C80000D776F /* kendall.png */,
				E0E39C62264D9C80000D776F /* kris.png */,
				E0E39C60264D9C80000D776F /* kylie.png */,
				E0E39C4E264D96BF000D776F /* tequila.JPG */,
				E0E39C4F264D96BF000D776F /* makeup.JPG */,
				E0E39C51264D96BF000D776F /* money.JPG */,
			);
			name = jenner;
			path = Gacha/GachaResources/jenner;
			sourceTree = SOURCE_ROOT;
		};
/* End PBXGroup section */

/* Begin PBXNativeTarget section */
		E0E39BF8264D8370000D776F /* Gacha */ = {
			isa = PBXNativeTarget;
			buildConfigurationList = E0E39C23264D8372000D776F /* Build configuration list for PBXNativeTarget "Gacha" */;
			buildPhases = (
				E0E39BF5264D8370000D776F /* Sources */,
				E0E39BF6264D8370000D776F /* Frameworks */,
				E0E39BF7264D8370000D776F /* Resources */,
			);
			buildRules = (
			);
			dependencies = (
			);
			name = Gacha;
			productName = Gacha;
			productReference = E0E39BF9264D8370000D776F /* Gacha.app */;
			productType = "com.apple.product-type.application";
		};
		E0E39C0E264D8372000D776F /* GachaTests */ = {
			isa = PBXNativeTarget;
			buildConfigurationList = E0E39C26264D8372000D776F /* Build configuration list for PBXNativeTarget "GachaTests" */;
			buildPhases = (
				E0E39C0B264D8372000D776F /* Sources */,
				E0E39C0C264D8372000D776F /* Frameworks */,
				E0E39C0D264D8372000D776F /* Resources */,
			);
			buildRules = (
			);
			dependencies = (
				E0E39C11264D8372000D776F /* PBXTargetDependency */,
			);
			name = GachaTests;
			productName = GachaTests;
			productReference = E0E39C0F264D8372000D776F /* GachaTests.xctest */;
			productType = "com.apple.product-type.bundle.unit-test";
		};
		E0E39C19264D8372000D776F /* GachaUITests */ = {
			isa = PBXNativeTarget;
			buildConfigurationList = E0E39C29264D8372000D776F /* Build configuration list for PBXNativeTarget "GachaUITests" */;
			buildPhases = (
				E0E39C16264D8372000D776F /* Sources */,
				E0E39C17264D8372000D776F /* Frameworks */,
				E0E39C18264D8372000D776F /* Resources */,
			);
			buildRules = (
			);
			dependencies = (
				E0E39C1C264D8372000D776F /* PBXTargetDependency */,
			);
			name = GachaUITests;
			productName = GachaUITests;
			productReference = E0E39C1A264D8372000D776F /* GachaUITests.xctest */;
			productType = "com.apple.product-type.bundle.ui-testing";
		};
/* End PBXNativeTarget section */

/* Begin PBXProject section */
		E0E39BF1264D8370000D776F /* Project object */ = {
			isa = PBXProject;
			attributes = {
				LastSwiftUpdateCheck = 1250;
				LastUpgradeCheck = 1250;
				TargetAttributes = {
					E0E39BF8264D8370000D776F = {
						CreatedOnToolsVersion = 12.5;
					};
					E0E39C0E264D8372000D776F = {
						CreatedOnToolsVersion = 12.5;
						TestTargetID = E0E39BF8264D8370000D776F;
					};
					E0E39C19264D8372000D776F = {
						CreatedOnToolsVersion = 12.5;
						TestTargetID = E0E39BF8264D8370000D776F;
					};
				};
			};
			buildConfigurationList = E0E39BF4264D8370000D776F /* Build configuration list for PBXProject "Gacha" */;
			compatibilityVersion = "Xcode 9.3";
			developmentRegion = en;
			hasScannedForEncodings = 0;
			knownRegions = (
				en,
				Base,
			);
			mainGroup = E0E39BF0264D836F000D776F;
			productRefGroup = E0E39BFA264D8370000D776F /* Products */;
			projectDirPath = "";
			projectRoot = "";
			targets = (
				E0E39BF8264D8370000D776F /* Gacha */,
				E0E39C0E264D8372000D776F /* GachaTests */,
				E0E39C19264D8372000D776F /* GachaUITests */,
			);
		};
/* End PBXProject section */

/* Begin PBXResourcesBuildPhase section */
		E0E39BF7264D8370000D776F /* Resources */ = {
			isa = PBXResourcesBuildPhase;
			buildActionMask = 2147483647;
			files = (
				E0E39C40264D83FF000D776F /* bg_red@2x.png in Resources */,
				E0E39C54264D96BF000D776F /* tequila.JPG in Resources */,
				E0E39C09264D8372000D776F /* LaunchScreen.storyboard in Resources */,
				E0E39C63264D9C80000D776F /* kylie.png in Resources */,
				E0E39C49264D83FF000D776F /* monster009.png in Resources */,
				E0E39C3E264D83FF000D776F /* bg_gold@2x.png in Resources */,
				E0E39C57264D96BF000D776F /* money.JPG in Resources */,
				E0E39C65264D9C80000D776F /* kris.png in Resources */,
				E0E39C46264D83FF000D776F /* monster003.png in Resources */,
				E0E39C48264D83FF000D776F /* monster001.png in Resources */,
				E0E39C4A264D83FF000D776F /* monster008.png in Resources */,
				E0E39C06264D8372000D776F /* Assets.xcassets in Resources */,
				E0E39C45264D83FF000D776F /* monster007.png in Resources */,
				E0E39C3F264D83FF000D776F /* gacha@2x.png in Resources */,
				E0E39C47264D83FF000D776F /* monster002.png in Resources */,
				E0E39C04264D8370000D776F /* Main.storyboard in Resources */,
				E0E39C42264D83FF000D776F /* monster010.png in Resources */,
				E0E39C55264D96BF000D776F /* makeup.JPG in Resources */,
				E0E39C64264D9C80000D776F /* kendall.png in Resources */,
				E0E39C44264D83FF000D776F /* monster006.png in Resources */,
				E0E39C41264D83FF000D776F /* monster005.png in Resources */,
				E0E39C3D264D83FF000D776F /* bg_blue@2x.png in Resources */,
				E0E39C43264D83FF000D776F /* monster004.png in Resources */,
			);
			runOnlyForDeploymentPostprocessing = 0;
		};
		E0E39C0D264D8372000D776F /* Resources */ = {
			isa = PBXResourcesBuildPhase;
			buildActionMask = 2147483647;
			files = (
			);
			runOnlyForDeploymentPostprocessing = 0;
		};
		E0E39C18264D8372000D776F /* Resources */ = {
			isa = PBXResourcesBuildPhase;
			buildActionMask = 2147483647;
			files = (
			);
			runOnlyForDeploymentPostprocessing = 0;
		};
/* End PBXResourcesBuildPhase section */

/* Begin PBXSourcesBuildPhase section */
		E0E39BF5264D8370000D776F /* Sources */ = {
			isa = PBXSourcesBuildPhase;
			buildActionMask = 2147483647;
			files = (
				E0E39C01264D8370000D776F /* ViewController.swift in Sources */,
				E0E39BFD264D8370000D776F /* AppDelegate.swift in Sources */,
				E0E39BFF264D8370000D776F /* SceneDelegate.swift in Sources */,
				E0E39C4C264D8716000D776F /* ResultViewController.swift in Sources */,
			);
			runOnlyForDeploymentPostprocessing = 0;
		};
		E0E39C0B264D8372000D776F /* Sources */ = {
			isa = PBXSourcesBuildPhase;
			buildActionMask = 2147483647;
			files = (
				E0E39C14264D8372000D776F /* GachaTests.swift in Sources */,
			);
			runOnlyForDeploymentPostprocessing = 0;
		};
		E0E39C16264D8372000D776F /* Sources */ = {
			isa = PBXSourcesBuildPhase;
			buildActionMask = 2147483647;
			files = (
				E0E39C1F264D8372000D776F /* GachaUITests.swift in Sources */,
			);
			runOnlyForDeploymentPostprocessing = 0;
		};
/* End PBXSourcesBuildPhase section */

/* Begin PBXTargetDependency section */
		E0E39C11264D8372000D776F /* PBXTargetDependency */ = {
			isa = PBXTargetDependency;
			target = E0E39BF8264D8370000D776F /* Gacha */;
			targetProxy = E0E39C10264D8372000D776F /* PBXContainerItemProxy */;
		};
		E0E39C1C264D8372000D776F /* PBXTargetDependency */ = {
			isa = PBXTargetDependency;
			target = E0E39BF8264D8370000D776F /* Gacha */;
			targetProxy = E0E39C1B264D8372000D776F /* PBXContainerItemProxy */;
		};
/* End PBXTargetDependency section */

/* Begin PBXVariantGroup section */
		E0E39C02264D8370000D776F /* Main.storyboard */ = {
			isa = PBXVariantGroup;
			children = (
				E0E39C03264D8370000D776F /* Base */,
			);
			name = Main.storyboard;
			sourceTree = "<group>";
		};
		E0E39C07264D8372000D776F /* LaunchScreen.storyboard */ = {
			isa = PBXVariantGroup;
			children = (
				E0E39C08264D8372000D776F /* Base */,
			);
			name = LaunchScreen.storyboard;
			sourceTree = "<group>";
		};
/* End PBXVariantGroup section */

/* Begin XCBuildConfiguration section */
		E0E39C21264D8372000D776F /* Debug */ = {
			isa = XCBuildConfiguration;
			buildSettings = {
				ALWAYS_SEARCH_USER_PATHS = NO;
				CLANG_ANALYZER_NONNULL = YES;
				CLANG_ANALYZER_NUMBER_OBJECT_CONVERSION = YES_AGGRESSIVE;
				CLANG_CXX_LANGUAGE_STANDARD = "gnu++14";
				CLANG_CXX_LIBRARY = "libc++";
				CLANG_ENABLE_MODULES = YES;
				CLANG_ENABLE_OBJC_ARC = YES;
				CLANG_ENABLE_OBJC_WEAK = YES;
				CLANG_WARN_BLOCK_CAPTURE_AUTORELEASING = YES;
				CLANG_WARN_BOOL_CONVERSION = YES;
				CLANG_WARN_COMMA = YES;
				CLANG_WARN_CONSTANT_CONVERSION = YES;
				CLANG_WARN_DEPRECATED_OBJC_IMPLEMENTATIONS = YES;
				CLANG_WARN_DIRECT_OBJC_ISA_USAGE = YES_ERROR;
				CLANG_WARN_DOCUMENTATION_COMMENTS = YES;
				CLANG_WARN_EMPTY_BODY = YES;
				CLANG_WARN_ENUM_CONVERSION = YES;
				CLANG_WARN_INFINITE_RECURSION = YES;
				CLANG_WARN_INT_CONVERSION = YES;
				CLANG_WARN_NON_LITERAL_NULL_CONVERSION = YES;
				CLANG_WARN_OBJC_IMPLICIT_RETAIN_SELF = YES;
				CLANG_WARN_OBJC_LITERAL_CONVERSION = YES;
				CLANG_WARN_OBJC_ROOT_CLASS = YES_ERROR;
				CLANG_WARN_QUOTED_INCLUDE_IN_FRAMEWORK_HEADER = YES;
				CLANG_WARN_RANGE_LOOP_ANALYSIS = YES;
				CLANG_WARN_STRICT_PROTOTYPES = YES;
				CLANG_WARN_SUSPICIOUS_MOVE = YES;
				CLANG_WARN_UNGUARDED_AVAILABILITY = YES_AGGRESSIVE;
				CLANG_WARN_UNREACHABLE_CODE = YES;
				CLANG_WARN__DUPLICATE_METHOD_MATCH = YES;
				COPY_PHASE_STRIP = NO;
				DEBUG_INFORMATION_FORMAT = dwarf;
				ENABLE_STRICT_OBJC_MSGSEND = YES;
				ENABLE_TESTABILITY = YES;
				GCC_C_LANGUAGE_STANDARD = gnu11;
				GCC_DYNAMIC_NO_PIC = NO;
				GCC_NO_COMMON_BLOCKS = YES;
				GCC_OPTIMIZATION_LEVEL = 0;
				GCC_PREPROCESSOR_DEFINITIONS = (
					"DEBUG=1",
					"$(inherited)",
				);
				GCC_WARN_64_TO_32_BIT_CONVERSION = YES;
				GCC_WARN_ABOUT_RETURN_TYPE = YES_ERROR;
				GCC_WARN_UNDECLARED_SELECTOR = YES;
				GCC_WARN_UNINITIALIZED_AUTOS = YES_AGGRESSIVE;
				GCC_WARN_UNUSED_FUNCTION = YES;
				GCC_WARN_UNUSED_VARIABLE = YES;
				IPHONEOS_DEPLOYMENT_TARGET = 14.5;
				MTL_ENABLE_DEBUG_INFO = INCLUDE_SOURCE;
				MTL_FAST_MATH = YES;
				ONLY_ACTIVE_ARCH = YES;
				SDKROOT = iphoneos;
				SWIFT_ACTIVE_COMPILATION_CONDITIONS = DEBUG;
				SWIFT_OPTIMIZATION_LEVEL = "-Onone";
			};
			name = Debug;
		};
		E0E39C22264D8372000D776F /* Release */ = {
			isa = XCBuildConfiguration;
			buildSettings = {
				ALWAYS_SEARCH_USER_PATHS = NO;
				CLANG_ANALYZER_NONNULL = YES;
				CLANG_ANALYZER_NUMBER_OBJECT_CONVERSION = YES_AGGRESSIVE;
				CLANG_CXX_LANGUAGE_STANDARD = "gnu++14";
				CLANG_CXX_LIBRARY = "libc++";
				CLANG_ENABLE_MODULES = YES;
				CLANG_ENABLE_OBJC_ARC = YES;
				CLANG_ENABLE_OBJC_WEAK = YES;
				CLANG_WARN_BLOCK_CAPTURE_AUTORELEASING = YES;
				CLANG_WARN_BOOL_CONVERSION = YES;
				CLANG_WARN_COMMA = YES;
				CLANG_WARN_CONSTANT_CONVERSION = YES;
				CLANG_WARN_DEPRECATED_OBJC_IMPLEMENTATIONS = YES;
				CLANG_WARN_DIRECT_OBJC_ISA_USAGE = YES_ERROR;
				CLANG_WARN_DOCUMENTATION_COMMENTS = YES;
				CLANG_WARN_EMPTY_BODY = YES;
				CLANG_WARN_ENUM_CONVERSION = YES;
				CLANG_WARN_INFINITE_RECURSION = YES;
				CLANG_WARN_INT_CONVERSION = YES;
				CLANG_WARN_NON_LITERAL_NULL_CONVERSION = YES;
				CLANG_WARN_OBJC_IMPLICIT_RETAIN_SELF = YES;
				CLANG_WARN_OBJC_LITERAL_CONVERSION = YES;
				CLANG_WARN_OBJC_ROOT_CLASS = YES_ERROR;
				CLANG_WARN_QUOTED_INCLUDE_IN_FRAMEWORK_HEADER = YES;
				CLANG_WARN_RANGE_LOOP_ANALYSIS = YES;
				CLANG_WARN_STRICT_PROTOTYPES = YES;
				CLANG_WARN_SUSPICIOUS_MOVE = YES;
				CLANG_WARN_UNGUARDED_AVAILABILITY = YES_AGGRESSIVE;
				CLANG_WARN_UNREACHABLE_CODE = YES;
				CLANG_WARN__DUPLICATE_METHOD_MATCH = YES;
				COPY_PHASE_STRIP = NO;
				DEBUG_INFORMATION_FORMAT = "dwarf-with-dsym";
				ENABLE_NS_ASSERTIONS = NO;
				ENABLE_STRICT_OBJC_MSGSEND = YES;
				GCC_C_LANGUAGE_STANDARD = gnu11;
				GCC_NO_COMMON_BLOCKS = YES;
				GCC_WARN_64_TO_32_BIT_CONVERSION = YES;
				GCC_WARN_ABOUT_RETURN_TYPE = YES_ERROR;
				GCC_WARN_UNDECLARED_SELECTOR = YES;
				GCC_WARN_UNINITIALIZED_AUTOS = YES_AGGRESSIVE;
				GCC_WARN_UNUSED_FUNCTION = YES;
				GCC_WARN_UNUSED_VARIABLE = YES;
				IPHONEOS_DEPLOYMENT_TARGET = 14.5;
				MTL_ENABLE_DEBUG_INFO = NO;
				MTL_FAST_MATH = YES;
				SDKROOT = iphoneos;
				SWIFT_COMPILATION_MODE = wholemodule;
				SWIFT_OPTIMIZATION_LEVEL = "-O";
				VALIDATE_PRODUCT = YES;
			};
			name = Release;
		};
		E0E39C24264D8372000D776F /* Debug */ = {
			isa = XCBuildConfiguration;
			buildSettings = {
				ASSETCATALOG_COMPILER_APPICON_NAME = AppIcon;
				ASSETCATALOG_COMPILER_GLOBAL_ACCENT_COLOR_NAME = AccentColor;
				CODE_SIGN_STYLE = Automatic;
				INFOPLIST_FILE = Gacha/Info.plist;
				LD_RUNPATH_SEARCH_PATHS = (
					"$(inherited)",
					"@executable_path/Frameworks",
				);
				PRODUCT_BUNDLE_IDENTIFIER = app.abe.chanmia.Gacha;
				PRODUCT_NAME = "$(TARGET_NAME)";
				SWIFT_VERSION = 5.0;
				TARGETED_DEVICE_FAMILY = "1,2";
			};
			name = Debug;
		};
		E0E39C25264D8372000D776F /* Release */ = {
			isa = XCBuildConfiguration;
			buildSettings = {
				ASSETCATALOG_COMPILER_APPICON_NAME = AppIcon;
				ASSETCATALOG_COMPILER_GLOBAL_ACCENT_COLOR_NAME = AccentColor;
				CODE_SIGN_STYLE = Automatic;
				INFOPLIST_FILE = Gacha/Info.plist;
				LD_RUNPATH_SEARCH_PATHS = (
					"$(inherited)",
					"@executable_path/Frameworks",
				);
				PRODUCT_BUNDLE_IDENTIFIER = app.abe.chanmia.Gacha;
				PRODUCT_NAME = "$(TARGET_NAME)";
				SWIFT_VERSION = 5.0;
				TARGETED_DEVICE_FAMILY = "1,2";
			};
			name = Release;
		};
		E0E39C27264D8372000D776F /* Debug */ = {
			isa = XCBuildConfiguration;
			buildSettings = {
				ALWAYS_EMBED_SWIFT_STANDARD_LIBRARIES = YES;
				BUNDLE_LOADER = "$(TEST_HOST)";
				CODE_SIGN_STYLE = Automatic;
				INFOPLIST_FILE = GachaTests/Info.plist;
				IPHONEOS_DEPLOYMENT_TARGET = 14.5;
				LD_RUNPATH_SEARCH_PATHS = (
					"$(inherited)",
					"@executable_path/Frameworks",
					"@loader_path/Frameworks",
				);
				PRODUCT_BUNDLE_IDENTIFIER = app.abe.chanmia.GachaTests;
				PRODUCT_NAME = "$(TARGET_NAME)";
				SWIFT_VERSION = 5.0;
				TARGETED_DEVICE_FAMILY = "1,2";
				TEST_HOST = "$(BUILT_PRODUCTS_DIR)/Gacha.app/Gacha";
			};
			name = Debug;
		};
		E0E39C28264D8372000D776F /* Release */ = {
			isa = XCBuildConfiguration;
			buildSettings = {
				ALWAYS_EMBED_SWIFT_STANDARD_LIBRARIES = YES;
				BUNDLE_LOADER = "$(TEST_HOST)";
				CODE_SIGN_STYLE = Automatic;
				INFOPLIST_FILE = GachaTests/Info.plist;
				IPHONEOS_DEPLOYMENT_TARGET = 14.5;
				LD_RUNPATH_SEARCH_PATHS = (
					"$(inherited)",
					"@executable_path/Frameworks",
					"@loader_path/Frameworks",
				);
				PRODUCT_BUNDLE_IDENTIFIER = app.abe.chanmia.GachaTests;
				PRODUCT_NAME = "$(TARGET_NAME)";
				SWIFT_VERSION = 5.0;
				TARGETED_DEVICE_FAMILY = "1,2";
				TEST_HOST = "$(BUILT_PRODUCTS_DIR)/Gacha.app/Gacha";
			};
			name = Release;
		};
		E0E39C2A264D8372000D776F /* Debug */ = {
			isa = XCBuildConfiguration;
			buildSettings = {
				ALWAYS_EMBED_SWIFT_STANDARD_LIBRARIES = YES;
				CODE_SIGN_STYLE = Automatic;
				INFOPLIST_FILE = GachaUITests/Info.plist;
				LD_RUNPATH_SEARCH_PATHS = (
					"$(inherited)",
					"@executable_path/Frameworks",
					"@loader_path/Frameworks",
				);
				PRODUCT_BUNDLE_IDENTIFIER = app.abe.chanmia.GachaUITests;
				PRODUCT_NAME = "$(TARGET_NAME)";
				SWIFT_VERSION = 5.0;
				TARGETED_DEVICE_FAMILY = "1,2";
				TEST_TARGET_NAME = Gacha;
			};
			name = Debug;
		};
		E0E39C2B264D8372000D776F /* Release */ = {
			isa = XCBuildConfiguration;
			buildSettings = {
				ALWAYS_EMBED_SWIFT_STANDARD_LIBRARIES = YES;
				CODE_SIGN_STYLE = Automatic;
				INFOPLIST_FILE = GachaUITests/Info.plist;
				LD_RUNPATH_SEARCH_PATHS = (
					"$(inherited)",
					"@executable_path/Frameworks",
					"@loader_path/Frameworks",
				);
				PRODUCT_BUNDLE_IDENTIFIER = app.abe.chanmia.GachaUITests;
				PRODUCT_NAME = "$(TARGET_NAME)";
				SWIFT_VERSION = 5.0;
				TARGETED_DEVICE_FAMILY = "1,2";
				TEST_TARGET_NAME = Gacha;
			};
			name = Release;
		};
/* End XCBuildConfiguration section */

/* Begin XCConfigurationList section */
		E0E39BF4264D8370000D776F /* Build configuration list for PBXProject "Gacha" */ = {
			isa = XCConfigurationList;
			buildConfigurations = (
				E0E39C21264D8372000D776F /* Debug */,
				E0E39C22264D8372000D776F /* Release */,
			);
			defaultConfigurationIsVisible = 0;
			defaultConfigurationName = Release;
		};
		E0E39C23264D8372000D776F /* Build configuration list for PBXNativeTarget "Gacha" */ = {
			isa = XCConfigurationList;
			buildConfigurations = (
				E0E39C24264D8372000D776F /* Debug */,
				E0E39C25264D8372000D776F /* Release */,
			);
			defaultConfigurationIsVisible = 0;
			defaultConfigurationName = Release;
		};
		E0E39C26264D8372000D776F /* Build configuration list for PBXNativeTarget "GachaTests" */ = {
			isa = XCConfigurationList;
			buildConfigurations = (
				E0E39C27264D8372000D776F /* Debug */,
				E0E39C28264D8372000D776F /* Release */,
			);
			defaultConfigurationIsVisible = 0;
			defaultConfigurationName = Release;
		};
		E0E39C29264D8372000D776F /* Build configuration list for PBXNativeTarget "GachaUITests" */ = {
			isa = XCConfigurationList;
			buildConfigurations = (
				E0E39C2A264D8372000D776F /* Debug */,
				E0E39C2B264D8372000D776F /* Release */,
			);
			defaultConfigurationIsVisible = 0;
			defaultConfigurationName = Release;
		};
/* End XCConfigurationList section */
	};
	rootObject = E0E39BF1264D8370000D776F /* Project object */;
}
